// !$*UTF8*$!
{
	archiveVersion = 1;
	classes = {
	};
	objectVersion = 56;
	objects = {

/* Begin PBXBuildFile section */
		1ADCD714F6A53B6B0B92E6C6 /* UnifiedPowerhouseApp.swift in Sources */ = {isa = PBXBuildFile; fileRef = 02C991284410E1B7388D9932 /* UnifiedPowerhouseApp.swift */; };
		529EDA519F436E46671D6118 /* AuthManager.swift in Sources */ = {isa = PBXBuildFile; fileRef = 8838C7BCAE3FD16BCFAF5DC0 /* AuthManager.swift */; };
		BDD0411F352CDFE9315BEDCA /* WebSocketManager.swift in Sources */ = {isa = PBXBuildFile; fileRef = 21A74934CE1B2D5362C70BC8 /* WebSocketManager.swift */; };
		5C8DECC8BB5464B8A5EBCEC1 /* Models.swift in Sources */ = {isa = PBXBuildFile; fileRef = BFA9E982EFFB961FA40CBD8F /* Models.swift */; };
		246DAD3C05C8EC2C9572DE24 /* LoginView.swift in Sources */ = {isa = PBXBuildFile; fileRef = A66E5E549BD1B2340048BDF4 /* LoginView.swift */; };
		E9DC8A03321B1E8A8790115B /* MainTabView.swift in Sources */ = {isa = PBXBuildFile; fileRef = 3C3FD9A69AC077E4DB81B7C7 /* MainTabView.swift */; };
		E8DB376058D578294603BE76 /* DashboardView.swift in Sources */ = {isa = PBXBuildFile; fileRef = 7513C532E13DFED59123E6F8 /* DashboardView.swift */; };
		27BDE16FA817B27CF3DD9BDF /* TerminalView.swift in Sources */ = {isa = PBXBuildFile; fileRef = 2E84D2A2E81D0CA2620824FB /* TerminalView.swift */; };
		7EB254C5EA0BCC2CE3EA7E6F /* ProcessesView.swift in Sources */ = {isa = PBXBuildFile; fileRef = 23020D91685C0AEF38B43898 /* ProcessesView.swift */; };
		69A5467114B408161B13C29E /* ChatView.swift in Sources */ = {isa = PBXBuildFile; fileRef = DDD405931C29CDCD02025C59 /* ChatView.swift */; };
		B3A3BC834F0CB275B6FBD96E /* SettingsView.swift in Sources */ = {isa = PBXBuildFile; fileRef = 24041EA458491B73B6241946 /* SettingsView.swift */; };
		2E30C4D43BD05A01560AA507 /* Color+Hex.swift in Sources */ = {isa = PBXBuildFile; fileRef = 15550DD124EC35315C292939 /* Color+Hex.swift */; };
		B2059AFBF1E913AC45282EA4 /* DashboardViewModel.swift in Sources */ = {isa = PBXBuildFile; fileRef = E7AD59A44EE85D1E9E97EBA9 /* DashboardViewModel.swift */; };
		42E14CFF083582883CF745C8 /* BiometricLoginView.swift in Sources */ = {isa = PBXBuildFile; fileRef = 1CA203350C57100D7F10A3C6 /* BiometricLoginView.swift */; };
		EAB279EA1D61CC33CD4D66CB /* OfflineBannerView.swift in Sources */ = {isa = PBXBuildFile; fileRef = 4B4C9590B50205982AEAE571 /* OfflineBannerView.swift */; };
		49C82FF733248038B30D04FA /* BiometricAuthManager.swift in Sources */ = {isa = PBXBuildFile; fileRef = 41F27C03064E60665B7B2F07 /* BiometricAuthManager.swift */; };
		F6FFC4C87F7D3DACDFC83D49 /* NotificationManager.swift in Sources */ = {isa = PBXBuildFile; fileRef = F368FBF303E7C0A4BCB00567 /* NotificationManager.swift */; };
		09BD2EB4F303B703F2924FF7 /* OfflineCacheManager.swift in Sources */ = {isa = PBXBuildFile; fileRef = DED1FEAA0E0D4EB0747C1E37 /* OfflineCacheManager.swift */; };
		145E5DB3E254F68DAAEB0CCA /* UnifiedAPIClient.swift in Sources */ = {isa = PBXBuildFile; fileRef = 573BD4613AA7AB0535A8D296 /* UnifiedAPIClient.swift */; };
		6DE090A0625D7D2F17776FB4 /* UnifiedShortcutsProvider.swift in Sources */ = {isa = PBXBuildFile; fileRef = 33346A23463EF0FE8628FEFD /* UnifiedShortcutsProvider.swift */; };
		177F8ED0FD31FB57D33B96F7 /* DashboardWidget.swift in Sources */ = {isa = PBXBuildFile; fileRef = A9136B6E6A4EE9C682ACBDE1 /* DashboardWidget.swift */; };
/* End PBXBuildFile section */

/* Begin PBXFileReference section */
		7E8843D8FB4283291AA9AE40 /* UnifiedPowerhouse.app */ = {isa = PBXFileReference; explicitFileType = wrapper.application; includeInIndex = 0; path = UnifiedPowerhouse.app; sourceTree = BUILT_PRODUCTS_DIR; };
		02C991284410E1B7388D9932 /* UnifiedPowerhouseApp.swift */ = {isa = PBXFileReference; lastKnownFileType = sourcecode.swift; path = UnifiedPowerhouseApp.swift; sourceTree = "<group>"; };
		8838C7BCAE3FD16BCFAF5DC0 /* AuthManager.swift */ = {isa = PBXFileReference; lastKnownFileType = sourcecode.swift; path = AuthManager.swift; sourceTree = "<group>"; };
		21A74934CE1B2D5362C70BC8 /* WebSocketManager.swift */ = {isa = PBXFileReference; lastKnownFileType = sourcecode.swift; path = WebSocketManager.swift; sourceTree = "<group>"; };
		BFA9E982EFFB961FA40CBD8F /* Models.swift */ = {isa = PBXFileReference; lastKnownFileType = sourcecode.swift; path = Models.swift; sourceTree = "<group>"; };
		A66E5E549BD1B2340048BDF4 /* LoginView.swift */ = {isa = PBXFileReference; lastKnownFileType = sourcecode.swift; path = LoginView.swift; sourceTree = "<group>"; };
		3C3FD9A69AC077E4DB81B7C7 /* MainTabView.swift */ = {isa = PBXFileReference; lastKnownFileType = sourcecode.swift; path = MainTabView.swift; sourceTree = "<group>"; };
		7513C532E13DFED59123E6F8 /* DashboardView.swift */ = {isa = PBXFileReference; lastKnownFileType = sourcecode.swift; path = DashboardView.swift; sourceTree = "<group>"; };
		2E84D2A2E81D0CA2620824FB /* TerminalView.swift */ = {isa = PBXFileReference; lastKnownFileType = sourcecode.swift; path = TerminalView.swift; sourceTree = "<group>"; };
		23020D91685C0AEF38B43898 /* ProcessesView.swift */ = {isa = PBXFileReference; lastKnownFileType = sourcecode.swift; path = ProcessesView.swift; sourceTree = "<group>"; };
		DDD405931C29CDCD02025C59 /* ChatView.swift */ = {isa = PBXFileReference; lastKnownFileType = sourcecode.swift; path = ChatView.swift; sourceTree = "<group>"; };
		24041EA458491B73B6241946 /* SettingsView.swift */ = {isa = PBXFileReference; lastKnownFileType = sourcecode.swift; path = SettingsView.swift; sourceTree = "<group>"; };
		15550DD124EC35315C292939 /* Color+Hex.swift */ = {isa = PBXFileReference; lastKnownFileType = sourcecode.swift; path = "Color+Hex.swift"; sourceTree = "<group>"; };
		E7AD59A44EE85D1E9E97EBA9 /* DashboardViewModel.swift */ = {isa = PBXFileReference; lastKnownFileType = sourcecode.swift; path = DashboardViewModel.swift; sourceTree = "<group>"; };
		1CA203350C57100D7F10A3C6 /* BiometricLoginView.swift */ = {isa = PBXFileReference; lastKnownFileType = sourcecode.swift; path = BiometricLoginView.swift; sourceTree = "<group>"; };
		4B4C9590B50205982AEAE571 /* OfflineBannerView.swift */ = {isa = PBXFileReference; lastKnownFileType = sourcecode.swift; path = OfflineBannerView.swift; sourceTree = "<group>"; };
		41F27C03064E60665B7B2F07 /* BiometricAuthManager.swift */ = {isa = PBXFileReference; lastKnownFileType = sourcecode.swift; path = BiometricAuthManager.swift; sourceTree = "<group>"; };
		F368FBF303E7C0A4BCB00567 /* NotificationManager.swift */ = {isa = PBXFileReference; lastKnownFileType = sourcecode.swift; path = NotificationManager.swift; sourceTree = "<group>"; };
		DED1FEAA0E0D4EB0747C1E37 /* OfflineCacheManager.swift */ = {isa = PBXFileReference; lastKnownFileType = sourcecode.swift; path = OfflineCacheManager.swift; sourceTree = "<group>"; };
		573BD4613AA7AB0535A8D296 /* UnifiedAPIClient.swift */ = {isa = PBXFileReference; lastKnownFileType = sourcecode.swift; path = UnifiedAPIClient.swift; sourceTree = "<group>"; };
		33346A23463EF0FE8628FEFD /* UnifiedShortcutsProvider.swift */ = {isa = PBXFileReference; lastKnownFileType = sourcecode.swift; path = UnifiedShortcutsProvider.swift; sourceTree = "<group>"; };
		A9136B6E6A4EE9C682ACBDE1 /* DashboardWidget.swift */ = {isa = PBXFileReference; lastKnownFileType = sourcecode.swift; path = DashboardWidget.swift; sourceTree = "<group>"; };
		B6E0FB54B7AEF0401CE36075 /* Info.plist */ = {isa = PBXFileReference; lastKnownFileType = text.plist.xml; path = Info.plist; sourceTree = "<group>"; };
/* End PBXFileReference section */

/* Begin PBXFrameworksBuildPhase section */
		9624195E431D92129A58530A /* Frameworks */ = {
			isa = PBXFrameworksBuildPhase;
			buildActionMask = 2147483647;
			files = (
			);
			runOnlyForDeploymentPostprocessing = 0;
		};
/* End PBXFrameworksBuildPhase section */

/* Begin PBXGroup section */
		703233BAD49C47A802DBDB18 = {
			isa = PBXGroup;
			children = (
				0564C7D79090E800CB6CC48B /* UnifiedPowerhouse */,
				FD4E89682BF2F3F88A75EBCA /* Products */,
			);
			sourceTree = "<group>";
		};
		FD4E89682BF2F3F88A75EBCA /* Products */ = {
			isa = PBXGroup;
			children = (
				7E8843D8FB4283291AA9AE40 /* UnifiedPowerhouse.app */,
			);
			name = Products;
			sourceTree = "<group>";
		};
		0564C7D79090E800CB6CC48B /* UnifiedPowerhouse */ = {
			isa = PBXGroup;
			children = (
				8FB613D930E396855A14DA4B /* Models */,
				07F5EA1D7BE4CFF6B4A1AB83 /* Views */,
				7DD96D9B325546AC2CF01613 /* ViewModels */,
				56B5AC7CB249A2ECEFFA0844 /* Services */,
				69098CF20A5FDDC701EA6DC5 /* Utils */,
				0337B335D19A3D453FF64F8F /* Widgets */,
				33D5C3E33F216D4FBBEDF804 /* Resources */,
			);
			path = UnifiedPowerhouse;
			sourceTree = "<group>";
		};
		8FB613D930E396855A14DA4B /* Models */ = {
			isa = PBXGroup;
			children = (
				BFA9E982EFFB961FA40CBD8F /* Models.swift */,
			);
			path = Models;
			sourceTree = "<group>";
		};
		07F5EA1D7BE4CFF6B4A1AB83 /* Views */ = {
			isa = PBXGroup;
			children = (
				A66E5E549BD1B2340048BDF4 /* LoginView.swift */,
				3C3FD9A69AC077E4DB81B7C7 /* MainTabView.swift */,
				7513C532E13DFED59123E6F8 /* DashboardView.swift */,
				2E84D2A2E81D0CA2620824FB /* TerminalView.swift */,
				23020D91685C0AEF38B43898 /* ProcessesView.swift */,
				DDD405931C29CDCD02025C59 /* ChatView.swift */,
				24041EA458491B73B6241946 /* SettingsView.swift */,
				1CA203350C57100D7F10A3C6 /* BiometricLoginView.swift */,
				4B4C9590B50205982AEAE571 /* OfflineBannerView.swift */,
			);
			path = Views;
			sourceTree = "<group>";
		};
		7DD96D9B325546AC2CF01613 /* ViewModels */ = {
			isa = PBXGroup;
			children = (
				E7AD59A44EE85D1E9E97EBA9 /* DashboardViewModel.swift */,
			);
			path = ViewModels;
			sourceTree = "<group>";
		};
		56B5AC7CB249A2ECEFFA0844 /* Services */ = {
			isa = PBXGroup;
			children = (
				8838C7BCAE3FD16BCFAF5DC0 /* AuthManager.swift */,
				21A74934CE1B2D5362C70BC8 /* WebSocketManager.swift */,
				41F27C03064E60665B7B2F07 /* BiometricAuthManager.swift */,
				F368FBF303E7C0A4BCB00567 /* NotificationManager.swift */,
				DED1FEAA0E0D4EB0747C1E37 /* OfflineCacheManager.swift */,
				573BD4613AA7AB0535A8D296 /* UnifiedAPIClient.swift */,
				33346A23463EF0FE8628FEFD /* UnifiedShortcutsProvider.swift */,
			);
			path = Services;
			sourceTree = "<group>";
		};
		69098CF20A5FDDC701EA6DC5 /* Utils */ = {
			isa = PBXGroup;
			children = (
				15550DD124EC35315C292939 /* Color+Hex.swift */,
			);
			path = Utils;
			sourceTree = "<group>";
		};
		0337B335D19A3D453FF64F8F /* Widgets */ = {
			isa = PBXGroup;
			children = (
				A9136B6E6A4EE9C682ACBDE1 /* DashboardWidget.swift */,
			);
			path = Widgets;
			sourceTree = "<group>";
		};
		33D5C3E33F216D4FBBEDF804 /* Resources */ = {
			isa = PBXGroup;
			children = (
				B6E0FB54B7AEF0401CE36075 /* Info.plist */,
			);
			path = Resources;
			sourceTree = "<group>";
		};
/* End PBXGroup section */

/* Begin PBXNativeTarget section */
		012331C5330C6785D58A6682 /* UnifiedPowerhouse */ = {
			isa = PBXNativeTarget;
			buildConfigurationList = 684359C5489A4CD40E27294F /* Build configuration list for PBXNativeTarget "UnifiedPowerhouse" */;
			buildPhases = (
				3B5128293C81657FD7E42C4D /* Sources */,
				9624195E431D92129A58530A /* Frameworks */,
				D715E3947412E4F62D5F0C0F /* Resources */,
			);
			buildRules = (
			);
			dependencies = (
			);
			name = UnifiedPowerhouse;
			productName = UnifiedPowerhouse;
			productReference = 7E8843D8FB4283291AA9AE40 /* UnifiedPowerhouse.app */;
			productType = "com.apple.product-type.application";
		};
/* End PBXNativeTarget section */

/* Begin PBXProject section */
		E20E088078A753C5F537C966 /* Project object */ = {
			isa = PBXProject;
			buildConfigurationList = D6114838D74D5196461AC76F /* Build configuration list for PBXProject "UnifiedPowerhouse" */;
			compatibilityVersion = "Xcode 14.0";
			developmentRegion = en;
			hasScannedForEncodings = 0;
			knownRegions = (
				en,
				Base,
			);
			mainGroup = 703233BAD49C47A802DBDB18;
			productRefGroup = FD4E89682BF2F3F88A75EBCA /* Products */;
			projectDirPath = "";
			projectRoot = "";
			targets = (
				012331C5330C6785D58A6682 /* UnifiedPowerhouse */,
			);
		};
/* End PBXProject section */

/* Begin PBXResourcesBuildPhase section */
		D715E3947412E4F62D5F0C0F /* Resources */ = {
			isa = PBXResourcesBuildPhase;
			buildActionMask = 2147483647;
			files = (
			);
			runOnlyForDeploymentPostprocessing = 0;
		};
/* End PBXResourcesBuildPhase section */

/* Begin PBXSourcesBuildPhase section */
		3B5128293C81657FD7E42C4D /* Sources */ = {
			isa = PBXSourcesBuildPhase;
			buildActionMask = 2147483647;
			files = (
				1ADCD714F6A53B6B0B92E6C6 /* UnifiedPowerhouseApp.swift in Sources */,
				529EDA519F436E46671D6118 /* AuthManager.swift in Sources */,
				BDD0411F352CDFE9315BEDCA /* WebSocketManager.swift in Sources */,
				5C8DECC8BB5464B8A5EBCEC1 /* Models.swift in Sources */,
				246DAD3C05C8EC2C9572DE24 /* LoginView.swift in Sources */,
				E9DC8A03321B1E8A8790115B /* MainTabView.swift in Sources */,
				E8DB376058D578294603BE76 /* DashboardView.swift in Sources */,
				27BDE16FA817B27CF3DD9BDF /* TerminalView.swift in Sources */,
				7EB254C5EA0BCC2CE3EA7E6F /* ProcessesView.swift in Sources */,
				69A5467114B408161B13C29E /* ChatView.swift in Sources */,
				B3A3BC834F0CB275B6FBD96E /* SettingsView.swift in Sources */,
				2E30C4D43BD05A01560AA507 /* Color+Hex.swift in Sources */,
				B2059AFBF1E913AC45282EA4 /* DashboardViewModel.swift in Sources */,
				42E14CFF083582883CF745C8 /* BiometricLoginView.swift in Sources */,
				EAB279EA1D61CC33CD4D66CB /* OfflineBannerView.swift in Sources */,
				49C82FF733248038B30D04FA /* BiometricAuthManager.swift in Sources */,
				F6FFC4C87F7D3DACDFC83D49 /* NotificationManager.swift in Sources */,
				09BD2EB4F303B703F2924FF7 /* OfflineCacheManager.swift in Sources */,
				145E5DB3E254F68DAAEB0CCA /* UnifiedAPIClient.swift in Sources */,
				6DE090A0625D7D2F17776FB4 /* UnifiedShortcutsProvider.swift in Sources */,
				177F8ED0FD31FB57D33B96F7 /* DashboardWidget.swift in Sources */,
			);
			runOnlyForDeploymentPostprocessing = 0;
		};
/* End PBXSourcesBuildPhase section */

/* Begin XCBuildConfiguration section */
		EF23592C2B25A6D30A7909B5 /* Debug */ = {
			isa = XCBuildConfiguration;
			buildSettings = {
				ASSETCATALOG_COMPILER_APPICON_NAME = AppIcon;
				ASSETCATALOG_COMPILER_GLOBAL_ACCENT_COLOR_NAME = AccentColor;
				CODE_SIGN_STYLE = Automatic;
				CURRENT_PROJECT_VERSION = 1;
				DEVELOPMENT_ASSET_PATHS = "";
				ENABLE_PREVIEWS = YES;
				GENERATE_INFOPLIST_FILE = YES;
				INFOPLIST_FILE = UnifiedPowerhouse/Resources/Info.plist;
				INFOPLIST_KEY_UIApplicationSceneManifest_Generation = YES;
				INFOPLIST_KEY_UIApplicationSupportsIndirectInputEvents = YES;
				INFOPLIST_KEY_UILaunchScreen_Generation = YES;
				INFOPLIST_KEY_UISupportedInterfaceOrientations_iPad = "UIInterfaceOrientationPortrait UIInterfaceOrientationPortraitUpsideDown UIInterfaceOrientationLandscapeLeft UIInterfaceOrientationLandscapeRight";
				INFOPLIST_KEY_UISupportedInterfaceOrientations_iPhone = "UIInterfaceOrientationPortrait UIInterfaceOrientationLandscapeLeft UIInterfaceOrientationLandscapeRight";
				LD_RUNPATH_SEARCH_PATHS = (
					"$(inherited)",
					"@executable_path/Frameworks",
				);
				MARKETING_VERSION = 2.0.0;
				PRODUCT_BUNDLE_IDENTIFIER = com.cortexbuildpro.unified;
				PRODUCT_NAME = "$(TARGET_NAME)";
				SWIFT_EMIT_LOC_STRINGS = YES;
				SWIFT_VERSION = 5.0;
				TARGETED_DEVICE_FAMILY = "1,2";
			};
			name = Debug;
		};
		BD4088C9BC925C24560C14B0 /* Release */ = {
			isa = XCBuildConfiguration;
			buildSettings = {
				ASSETCATALOG_COMPILER_APPICON_NAME = AppIcon;
				ASSETCATALOG_COMPILER_GLOBAL_ACCENT_COLOR_NAME = AccentColor;
				CODE_SIGN_STYLE = Automatic;
				CURRENT_PROJECT_VERSION = 1;
				DEVELOPMENT_ASSET_PATHS = "";
				ENABLE_PREVIEWS = YES;
				GENERATE_INFOPLIST_FILE = YES;
				INFOPLIST_FILE = UnifiedPowerhouse/Resources/Info.plist;
				INFOPLIST_KEY_UIApplicationSceneManifest_Generation = YES;
				INFOPLIST_KEY_UIApplicationSupportsIndirectInputEvents = YES;
				INFOPLIST_KEY_UILaunchScreen_Generation = YES;
				INFOPLIST_KEY_UISupportedInterfaceOrientations_iPad = "UIInterfaceOrientationPortrait UIInterfaceOrientationPortraitUpsideDown UIInterfaceOrientationLandscapeLeft UIInterfaceOrientationLandscapeRight";
				INFOPLIST_KEY_UISupportedInterfaceOrientations_iPhone = "UIInterfaceOrientationPortrait UIInterfaceOrientationLandscapeLeft UIInterfaceOrientationLandscapeRight";
				LD_RUNPATH_SEARCH_PATHS = (
					"$(inherited)",
					"@executable_path/Frameworks",
				);
				MARKETING_VERSION = 2.0.0;
				PRODUCT_BUNDLE_IDENTIFIER = com.cortexbuildpro.unified;
				PRODUCT_NAME = "$(TARGET_NAME)";
				SWIFT_EMIT_LOC_STRINGS = YES;
				SWIFT_VERSION = 5.0;
				TARGETED_DEVICE_FAMILY = "1,2";
			};
			name = Release;
		};
		71337461C4A3385F85320A1D /* Debug */ = {
			isa = XCBuildConfiguration;
			buildSettings = {
				ALWAYS_SEARCH_USER_PATHS = NO;
				CLANG_ANALYZER_NONNULL = YES;
				CLANG_ANALYZER_NUMBER_OBJECT_CONVERSION = YES_AGGRESSIVE;
				CLANG_CXX_LANGUAGE_STANDARD = "gnu++20";
				CLANG_ENABLE_MODULES = YES;
				CLANG_ENABLE_OBJC_ARC = YES;
				CLANG_ENABLE_OBJC_WEAK = YES;
				CLANG_WARN_BLOCK_CAPTURE_AUTORELEASING = YES;
				CLANG_WARN_BOOL_CONVERSION = YES;
				CLANG_WARN_COMMA = YES;
				CLANG_WARN_CONSTANT_CONVERSION = YES;
				CLANG_WARN_DEPRECATED_OBJC_IMPLEMENTATIONS = YES;
				CLANG_WARN_DIRECT_OBJC_ISA_USAGE = YES_ERROR;
				CLANG_WARN_DOCUMENTATION_COMMENTS = YES;
				CLANG_WARN_EMPTY_BODY = YES;
				CLANG_WARN_ENUM_CONVERSION = YES;
				CLANG_WARN_INFINITE_RECURSION = YES;
				CLANG_WARN_INT_CONVERSION = YES;
				CLANG_WARN_NON_LITERAL_NULL_CONVERSION = YES;
				CLANG_WARN_OBJC_IMPLICIT_RETAIN_SELF = YES;
				CLANG_WARN_OBJC_LITERAL_CONVERSION = YES;
				CLANG_WARN_OBJC_ROOT_CLASS = YES_ERROR;
				CLANG_WARN_QUOTED_INCLUDE_IN_FRAMEWORK_HEADER = YES;
				CLANG_WARN_RANGE_LOOP_ANALYSIS = YES;
				CLANG_WARN_STRICT_PROTOTYPES = YES;
				CLANG_WARN_SUSPICIOUS_MOVE = YES;
				CLANG_WARN_UNGUARDED_AVAILABILITY = YES_AGGRESSIVE;
				CLANG_WARN_UNREACHABLE_CODE = YES;
				CLANG_WARN__DUPLICATE_METHOD_MATCH = YES;
				COPY_PHASE_STRIP = NO;
				DEBUG_INFORMATION_FORMAT = dwarf;
				ENABLE_STRICT_OBJC_MSGSEND = YES;
				ENABLE_TESTABILITY = YES;
				GCC_C_LANGUAGE_STANDARD = gnu11;
				GCC_DYNAMIC_NO_PIC = NO;
				GCC_NO_COMMON_BLOCKS = YES;
				GCC_OPTIMIZATION_LEVEL = 0;
				GCC_PREPROCESSOR_DEFINITIONS = (
					"DEBUG=1",
					"$(inherited)",
				);
				GCC_WARN_64_TO_32_BIT_CONVERSION = YES;
				GCC_WARN_ABOUT_RETURN_TYPE = YES_ERROR;
				GCC_WARN_UNDECLARED_SELECTOR = YES;
				GCC_WARN_UNINITIALIZED_AUTOS = YES_AGGRESSIVE;
				GCC_WARN_UNUSED_FUNCTION = YES;
				GCC_WARN_UNUSED_VARIABLE = YES;
				IPHONEOS_DEPLOYMENT_TARGET = 16.0;
				MTL_ENABLE_DEBUG_INFO = INCLUDE_SOURCE;
				MTL_FAST_MATH = YES;
				ONLY_ACTIVE_ARCH = YES;
				SDKROOT = iphoneos;
				SWIFT_ACTIVE_COMPILATION_CONDITIONS = DEBUG;
				SWIFT_OPTIMIZATION_LEVEL = "-Onone";
			};
			name = Debug;
		};
		92C64E255E2A55E0754A5915 /* Release */ = {
			isa = XCBuildConfiguration;
			buildSettings = {
				ALWAYS_SEARCH_USER_PATHS = NO;
				CLANG_ANALYZER_NONNULL = YES;
				CLANG_ANALYZER_NUMBER_OBJECT_CONVERSION = YES_AGGRESSIVE;
				CLANG_CXX_LANGUAGE_STANDARD = "gnu++20";
				CLANG_ENABLE_MODULES = YES;
				CLANG_ENABLE_OBJC_ARC = YES;
				CLANG_ENABLE_OBJC_WEAK = YES;
				CLANG_WARN_BLOCK_CAPTURE_AUTORELEASING = YES;
				CLANG_WARN_BOOL_CONVERSION = YES;
				CLANG_WARN_COMMA = YES;
				CLANG_WARN_CONSTANT_CONVERSION = YES;
				CLANG_WARN_DEPRECATED_OBJC_IMPLEMENTATIONS = YES;
				CLANG_WARN_DIRECT_OBJC_ISA_USAGE = YES_ERROR;
				CLANG_WARN_DOCUMENTATION_COMMENTS = YES;
				CLANG_WARN_EMPTY_BODY = YES;
				CLANG_WARN_ENUM_CONVERSION = YES;
				CLANG_WARN_INFINITE_RECURSION = YES;
				CLANG_WARN_INT_CONVERSION = YES;
				CLANG_WARN_NON_LITERAL_NULL_CONVERSION = YES;
				CLANG_WARN_OBJC_IMPLICIT_RETAIN_SELF = YES;
				CLANG_WARN_OBJC_LITERAL_CONVERSION = YES;
				CLANG_WARN_OBJC_ROOT_CLASS = YES_ERROR;
				CLANG_WARN_QUOTED_INCLUDE_IN_FRAMEWORK_HEADER = YES;
				CLANG_WARN_RANGE_LOOP_ANALYSIS = YES;
				CLANG_WARN_STRICT_PROTOTYPES = YES;
				CLANG_WARN_SUSPICIOUS_MOVE = YES;
				CLANG_WARN_UNGUARDED_AVAILABILITY = YES_AGGRESSIVE;
				CLANG_WARN_UNREACHABLE_CODE = YES;
				CLANG_WARN__DUPLICATE_METHOD_MATCH = YES;
				COPY_PHASE_STRIP = NO;
				DEBUG_INFORMATION_FORMAT = "dwarf-with-dsym";
				ENABLE_NS_ASSERTIONS = NO;
				ENABLE_STRICT_OBJC_MSGSEND = YES;
				GCC_C_LANGUAGE_STANDARD = gnu11;
				GCC_NO_COMMON_BLOCKS = YES;
				GCC_WARN_64_TO_32_BIT_CONVERSION = YES;
				GCC_WARN_ABOUT_RETURN_TYPE = YES_ERROR;
				GCC_WARN_UNDECLARED_SELECTOR = YES;
				GCC_WARN_UNINITIALIZED_AUTOS = YES_AGGRESSIVE;
				GCC_WARN_UNUSED_FUNCTION = YES;
				GCC_WARN_UNUSED_VARIABLE = YES;
				IPHONEOS_DEPLOYMENT_TARGET = 16.0;
				MTL_ENABLE_DEBUG_INFO = NO;
				MTL_FAST_MATH = YES;
				SDKROOT = iphoneos;
				SWIFT_COMPILATION_MODE = wholemodule;
				VALIDATE_PRODUCT = YES;
			};
			name = Release;
		};
/* End XCBuildConfiguration section */

/* Begin XCConfigurationList section */
		D6114838D74D5196461AC76F /* Build configuration list for PBXProject "UnifiedPowerhouse" */ = {
			isa = XCConfigurationList;
			buildConfigurations = (
				71337461C4A3385F85320A1D /* Debug */,
				92C64E255E2A55E0754A5915 /* Release */,
			);
			defaultConfigurationIsVisible = 0;
			defaultConfigurationName = Release;
		};
		684359C5489A4CD40E27294F /* Build configuration list for PBXNativeTarget "UnifiedPowerhouse" */ = {
			isa = XCConfigurationList;
			buildConfigurations = (
				EF23592C2B25A6D30A7909B5 /* Debug */,
				BD4088C9BC925C24560C14B0 /* Release */,
			);
			defaultConfigurationIsVisible = 0;
			defaultConfigurationName = Release;
		};
/* End XCConfigurationList section */
	};
	rootObject = E20E088078A753C5F537C966 /* Project object */;
}
