// !$*UTF8*$!
{
	archiveVersion = 1;
	classes = {
	};
	objectVersion = 56;
	objects = {

/* Begin PBXBuildFile section */
		8B1A2B3C2A1B4C5D6E7F8G9H /* UnifiedPowerhouseApp.swift in Sources */ = {isa = PBXBuildFile; fileRef = 8B1A2B3B2A1B4C5D6E7F8G9H /* UnifiedPowerhouseApp.swift */; };
		8B1A2B3E2A1B4C5D6E7F8G9I /* AuthManager.swift in Sources */ = {isa = PBXBuildFile; fileRef = 8B1A2B3D2A1B4C5D6E7F8G9I /* AuthManager.swift */; };
		8B1A2B402A1B4C5D6E7F8G9J /* WebSocketManager.swift in Sources */ = {isa = PBXBuildFile; fileRef = 8B1A2B3F2A1B4C5D6E7F8G9J /* WebSocketManager.swift */; };
		8B1A2B422A1B4C5D6E7F8G9K /* Models.swift in Sources */ = {isa = PBXBuildFile; fileRef = 8B1A2B412A1B4C5D6E7F8G9K /* Models.swift */; };
		8B1A2B442A1B4C5D6E7F8G9L /* LoginView.swift in Sources */ = {isa = PBXBuildFile; fileRef = 8B1A2B432A1B4C5D6E7F8G9L /* LoginView.swift */; };
		8B1A2B462A1B4C5D6E7F8G9M /* MainTabView.swift in Sources */ = {isa = PBXBuildFile; fileRef = 8B1A2B452A1B4C5D6E7F8G9M /* MainTabView.swift */; };
		8B1A2B482A1B4C5D6E7F8G9N /* DashboardView.swift in Sources */ = {isa = PBXBuildFile; fileRef = 8B1A2B472A1B4C5D6E7F8G9N /* DashboardView.swift */; };
		8B1A2B4A2A1B4C5D6E7F8G9O /* TerminalView.swift in Sources */ = {isa = PBXBuildFile; fileRef = 8B1A2B492A1B4C5D6E7F8G9O /* TerminalView.swift */; };
		8B1A2B4C2A1B4C5D6E7F8G9P /* ProcessesView.swift in Sources */ = {isa = PBXBuildFile; fileRef = 8B1A2B4B2A1B4C5D6E7F8G9P /* ProcessesView.swift */; };
		8B1A2B4E2A1B4C5D6E7F8G9Q /* ChatView.swift in Sources */ = {isa = PBXBuildFile; fileRef = 8B1A2B4D2A1B4C5D6E7F8G9Q /* ChatView.swift */; };
		8B1A2B502A1B4C5D6E7F8G9R /* SettingsView.swift in Sources */ = {isa = PBXBuildFile; fileRef = 8B1A2B4F2A1B4C5D6E7F8G9R /* SettingsView.swift */; };
		8B1A2B522A1B4C5D6E7F8G9S /* Color+Hex.swift in Sources */ = {isa = PBXBuildFile; fileRef = 8B1A2B512A1B4C5D6E7F8G9S /* Color+Hex.swift */; };
		8B1A2B542A1B4C5D6E7F8G9T /* DashboardViewModel.swift in Sources */ = {isa = PBXBuildFile; fileRef = 8B1A2B532A1B4C5D6E7F8G9T /* DashboardViewModel.swift */; };
/* End PBXBuildFile section */

/* Begin PBXFileReference section */
		8B1A2B382A1B4C5D6E7F8G9H /* UnifiedPowerhouse.app */ = {isa = PBXFileReference; explicitFileType = wrapper.application; includeInIndex = 0; path = UnifiedPowerhouse.app; sourceTree = BUILT_PRODUCTS_DIR; };
		8B1A2B3B2A1B4C5D6E7F8G9H /* UnifiedPowerhouseApp.swift */ = {isa = PBXFileReference; lastKnownFileType = sourcecode.swift; path = UnifiedPowerhouseApp.swift; sourceTree = "<group>"; };
		8B1A2B3D2A1B4C5D6E7F8G9I /* AuthManager.swift */ = {isa = PBXFileReference; lastKnownFileType = sourcecode.swift; path = AuthManager.swift; sourceTree = "<group>"; };
		8B1A2B3F2A1B4C5D6E7F8G9J /* WebSocketManager.swift */ = {isa = PBXFileReference; lastKnownFileType = sourcecode.swift; path = WebSocketManager.swift; sourceTree = "<group>"; };
		8B1A2B412A1B4C5D6E7F8G9K /* Models.swift */ = {isa = PBXFileReference; lastKnownFileType = sourcecode.swift; path = Models.swift; sourceTree = "<group>"; };
		8B1A2B432A1B4C5D6E7F8G9L /* LoginView.swift */ = {isa = PBXFileReference; lastKnownFileType = sourcecode.swift; path = LoginView.swift; sourceTree = "<group>"; };
		8B1A2B452A1B4C5D6E7F8G9M /* MainTabView.swift */ = {isa = PBXFileReference; lastKnownFileType = sourcecode.swift; path = MainTabView.swift; sourceTree = "<group>"; };
		8B1A2B472A1B4C5D6E7F8G9N /* DashboardView.swift */ = {isa = PBXFileReference; lastKnownFileType = sourcecode.swift; path = DashboardView.swift; sourceTree = "<group>"; };
		8B1A2B492A1B4C5D6E7F8G9O /* TerminalView.swift */ = {isa = PBXFileReference; lastKnownFileType = sourcecode.swift; path = TerminalView.swift; sourceTree = "<group>"; };
		8B1A2B4B2A1B4C5D6E7F8G9P /* ProcessesView.swift */ = {isa = PBXFileReference; lastKnownFileType = sourcecode.swift; path = ProcessesView.swift; sourceTree = "<group>"; };
		8B1A2B4D2A1B4C5D6E7F8G9Q /* ChatView.swift */ = {isa = PBXFileReference; lastKnownFileType = sourcecode.swift; path = ChatView.swift; sourceTree = "<group>"; };
		8B1A2B4F2A1B4C5D6E7F8G9R /* SettingsView.swift */ = {isa = PBXFileReference; lastKnownFileType = sourcecode.swift; path = SettingsView.swift; sourceTree = "<group>"; };
		8B1A2B512A1B4C5D6E7F8G9S /* Color+Hex.swift */ = {isa = PBXFileReference; lastKnownFileType = sourcecode.swift; path = "Color+Hex.swift"; sourceTree = "<group>"; };
		8B1A2B532A1B4C5D6E7F8G9T /* DashboardViewModel.swift */ = {isa = PBXFileReference; lastKnownFileType = sourcecode.swift; path = DashboardViewModel.swift; sourceTree = "<group>"; };
		8B1A2B552A1B4C5D6E7F8G9U /* Info.plist */ = {isa = PBXFileReference; lastKnownFileType = text.plist.xml; path = Info.plist; sourceTree = "<group>"; };
/* End PBXFileReference section */

/* Begin PBXFrameworksBuildPhase section */
		8B1A2B352A1B4C5D6E7F8G9H /* Frameworks */ = {
			isa = PBXFrameworksBuildPhase;
			buildActionMask = 2147483647;
			files = (
			);
			runOnlyForDeploymentPostprocessing = 0;
		};
/* End PBXFrameworksBuildPhase section */

/* Begin PBXGroup section */
		8B1A2B2F2A1B4C5D6E7F8G9H = {
			isa = PBXGroup;
			children = (
				8B1A2B3A2A1B4C5D6E7F8G9H /* UnifiedPowerhouse */,
				8B1A2B392A1B4C5D6E7F8G9H /* Products */,
			);
			sourceTree = "<group>";
		};
		8B1A2B392A1B4C5D6E7F8G9H /* Products */ = {
			isa = PBXGroup;
			children = (
				8B1A2B382A1B4C5D6E7F8G9H /* UnifiedPowerhouse.app */,
			);
			name = Products;
			sourceTree = "<group>";
		};
		8B1A2B3A2A1B4C5D6E7F8G9H /* UnifiedPowerhouse */ = {
			isa = PBXGroup;
			children = (
				8B1A2B3B2A1B4C5D6E7F8G9H /* UnifiedPowerhouseApp.swift */,
				8B1A2B562A1B4C5D6E7F8G9V /* Models */,
				8B1A2B572A1B4C5D6E7F8G9W /* Views */,
				8B1A2B582A1B4C5D6E7F8G9X /* ViewModels */,
				8B1A2B592A1B4C5D6E7F8G9Y /* Services */,
				8B1A2B5A2A1B4C5D6E7F8G9Z /* Utils */,
				8B1A2B5B2A1B4C5D6E7F8G91 /* Resources */,
			);
			path = UnifiedPowerhouse;
			sourceTree = "<group>";
		};
		8B1A2B562A1B4C5D6E7F8G9V /* Models */ = {
			isa = PBXGroup;
			children = (
				8B1A2B412A1B4C5D6E7F8G9K /* Models.swift */,
			);
			path = Models;
			sourceTree = "<group>";
		};
		8B1A2B572A1B4C5D6E7F8G9W /* Views */ = {
			isa = PBXGroup;
			children = (
				8B1A2B432A1B4C5D6E7F8G9L /* LoginView.swift */,
				8B1A2B452A1B4C5D6E7F8G9M /* MainTabView.swift */,
				8B1A2B472A1B4C5D6E7F8G9N /* DashboardView.swift */,
				8B1A2B492A1B4C5D6E7F8G9O /* TerminalView.swift */,
				8B1A2B4B2A1B4C5D6E7F8G9P /* ProcessesView.swift */,
				8B1A2B4D2A1B4C5D6E7F8G9Q /* ChatView.swift */,
				8B1A2B4F2A1B4C5D6E7F8G9R /* SettingsView.swift */,
			);
			path = Views;
			sourceTree = "<group>";
		};
		8B1A2B582A1B4C5D6E7F8G9X /* ViewModels */ = {
			isa = PBXGroup;
			children = (
				8B1A2B532A1B4C5D6E7F8G9T /* DashboardViewModel.swift */,
			);
			path = ViewModels;
			sourceTree = "<group>";
		};
		8B1A2B592A1B4C5D6E7F8G9Y /* Services */ = {
			isa = PBXGroup;
			children = (
				8B1A2B3D2A1B4C5D6E7F8G9I /* AuthManager.swift */,
				8B1A2B3F2A1B4C5D6E7F8G9J /* WebSocketManager.swift */,
			);
			path = Services;
			sourceTree = "<group>";
		};
		8B1A2B5A2A1B4C5D6E7F8G9Z /* Utils */ = {
			isa = PBXGroup;
			children = (
				8B1A2B512A1B4C5D6E7F8G9S /* Color+Hex.swift */,
			);
			path = Utils;
			sourceTree = "<group>";
		};
		8B1A2B5B2A1B4C5D6E7F8G91 /* Resources */ = {
			isa = PBXGroup;
			children = (
				8B1A2B552A1B4C5D6E7F8G9U /* Info.plist */,
			);
			path = Resources;
			sourceTree = "<group>";
		};
/* End PBXGroup section */

/* Begin PBXNativeTarget section */
		8B1A2B372A1B4C5D6E7F8G9H /* UnifiedPowerhouse */ = {
			isa = PBXNativeTarget;
			buildConfigurationList = 8B1A2B462A1B4C5D6E7F8G92 /* Build configuration list for PBXNativeTarget "UnifiedPowerhouse" */;
			buildPhases = (
				8B1A2B342A1B4C5D6E7F8G9H /* Sources */,
				8B1A2B352A1B4C5D6E7F8G9H /* Frameworks */,
				8B1A2B362A1B4C5D6E7F8G9H /* Resources */,
			);
			buildRules = (
			);
			dependencies = (
			);
			name = UnifiedPowerhouse;
			productName = UnifiedPowerhouse;
			productReference = 8B1A2B382A1B4C5D6E7F8G9H /* UnifiedPowerhouse.app */;
			productType = "com.apple.product-type.application";
		};
/* End PBXNativeTarget section */

/* Begin PBXProject section */
		8B1A2B302A1B4C5D6E7F8G9H /* Project object */ = {
			isa = PBXProject;
			buildConfigurationList = 8B1A2B332A1B4C5D6E7F8G9H /* Build configuration list for PBXProject "UnifiedPowerhouse" */;
			compatibilityVersion = "Xcode 14.0";
			developmentRegion = en;
			hasScannedForEncodings = 0;
			knownRegions = (
				en,
				Base,
			);
			mainGroup = 8B1A2B2F2A1B4C5D6E7F8G9H;
			productRefGroup = 8B1A2B392A1B4C5D6E7F8G9H /* Products */;
			projectDirPath = "";
			projectRoot = "";
			targets = (
				8B1A2B372A1B4C5D6E7F8G9H /* UnifiedPowerhouse */,
			);
		};
/* End PBXProject section */

/* Begin PBXResourcesBuildPhase section */
		8B1A2B362A1B4C5D6E7F8G9H /* Resources */ = {
			isa = PBXResourcesBuildPhase;
			buildActionMask = 2147483647;
			files = (
			);
			runOnlyForDeploymentPostprocessing = 0;
		};
/* End PBXResourcesBuildPhase section */

/* Begin PBXSourcesBuildPhase section */
		8B1A2B342A1B4C5D6E7F8G9H /* Sources */ = {
			isa = PBXSourcesBuildPhase;
			buildActionMask = 2147483647;
			files = (
				8B1A2B3C2A1B4C5D6E7F8G9H /* UnifiedPowerhouseApp.swift in Sources */,
				8B1A2B3E2A1B4C5D6E7F8G9I /* AuthManager.swift in Sources */,
				8B1A2B402A1B4C5D6E7F8G9J /* WebSocketManager.swift in Sources */,
				8B1A2B422A1B4C5D6E7F8G9K /* Models.swift in Sources */,
				8B1A2B442A1B4C5D6E7F8G9L /* LoginView.swift in Sources */,
				8B1A2B462A1B4C5D6E7F8G9M /* MainTabView.swift in Sources */,
				8B1A2B482A1B4C5D6E7F8G9N /* DashboardView.swift in Sources */,
				8B1A2B4A2A1B4C5D6E7F8G9O /* TerminalView.swift in Sources */,
				8B1A2B4C2A1B4C5D6E7F8G9P /* ProcessesView.swift in Sources */,
				8B1A2B4E2A1B4C5D6E7F8G9Q /* ChatView.swift in Sources */,
				8B1A2B502A1B4C5D6E7F8G9R /* SettingsView.swift in Sources */,
				8B1A2B522A1B4C5D6E7F8G9S /* Color+Hex.swift in Sources */,
				8B1A2B542A1B4C5D6E7F8G9T /* DashboardViewModel.swift in Sources */,
			);
			runOnlyForDeploymentPostprocessing = 0;
		};
/* End PBXSourcesBuildPhase section */

/* Begin XCBuildConfiguration section */
		8B1A2B472A1B4C5D6E7F8G92 /* Debug */ = {
			isa = XCBuildConfiguration;
			buildSettings = {
				ASSETCATALOG_COMPILER_APPICON_NAME = AppIcon;
				ASSETCATALOG_COMPILER_GLOBAL_ACCENT_COLOR_NAME = AccentColor;
				CODE_SIGN_STYLE = Automatic;
				CURRENT_PROJECT_VERSION = 1;
				DEVELOPMENT_ASSET_PATHS = "";
				ENABLE_PREVIEWS = YES;
				GENERATE_INFOPLIST_FILE = YES;
				INFOPLIST_FILE = UnifiedPowerhouse/Resources/Info.plist;
				INFOPLIST_KEY_UIApplicationSceneManifest_Generation = YES;
				INFOPLIST_KEY_UIApplicationSupportsIndirectInputEvents = YES;
				INFOPLIST_KEY_UILaunchScreen_Generation = YES;
				INFOPLIST_KEY_UISupportedInterfaceOrientations_iPad = "UIInterfaceOrientationPortrait UIInterfaceOrientationPortraitUpsideDown UIInterfaceOrientationLandscapeLeft UIInterfaceOrientationLandscapeRight";
				INFOPLIST_KEY_UISupportedInterfaceOrientations_iPhone = "UIInterfaceOrientationPortrait UIInterfaceOrientationLandscapeLeft UIInterfaceOrientationLandscapeRight";
				LD_RUNPATH_SEARCH_PATHS = (
					"$(inherited)",
					"@executable_path/Frameworks",
				);
				MARKETING_VERSION = 2.0.0;
				PRODUCT_BUNDLE_IDENTIFIER = com.cortexbuildpro.unified;
				PRODUCT_NAME = "$(TARGET_NAME)";
				SWIFT_EMIT_LOC_STRINGS = YES;
				SWIFT_VERSION = 5.0;
				TARGETED_DEVICE_FAMILY = "1,2";
			};
			name = Debug;
		};
		8B1A2B482A1B4C5D6E7F8G92 /* Release */ = {
			isa = XCBuildConfiguration;
			buildSettings = {
				ASSETCATALOG_COMPILER_APPICON_NAME = AppIcon;
				ASSETCATALOG_COMPILER_GLOBAL_ACCENT_COLOR_NAME = AccentColor;
				CODE_SIGN_STYLE = Automatic;
				CURRENT_PROJECT_VERSION = 1;
				DEVELOPMENT_ASSET_PATHS = "";
				ENABLE_PREVIEWS = YES;
				GENERATE_INFOPLIST_FILE = YES;
				INFOPLIST_FILE = UnifiedPowerhouse/Resources/Info.plist;
				INFOPLIST_KEY_UIApplicationSceneManifest_Generation = YES;
				INFOPLIST_KEY_UIApplicationSupportsIndirectInputEvents = YES;
				INFOPLIST_KEY_UILaunchScreen_Generation = YES;
				INFOPLIST_KEY_UISupportedInterfaceOrientations_iPad = "UIInterfaceOrientationPortrait UIInterfaceOrientationPortraitUpsideDown UIInterfaceOrientationLandscapeLeft UIInterfaceOrientationLandscapeRight";
				INFOPLIST_KEY_UISupportedInterfaceOrientations_iPhone = "UIInterfaceOrientationPortrait UIInterfaceOrientationLandscapeLeft UIInterfaceOrientationLandscapeRight";
				LD_RUNPATH_SEARCH_PATHS = (
					"$(inherited)",
					"@executable_path/Frameworks",
				);
				MARKETING_VERSION = 2.0.0;
				PRODUCT_BUNDLE_IDENTIFIER = com.cortexbuildpro.unified;
				PRODUCT_NAME = "$(TARGET_NAME)";
				SWIFT_EMIT_LOC_STRINGS = YES;
				SWIFT_VERSION = 5.0;
				TARGETED_DEVICE_FAMILY = "1,2";
			};
			name = Release;
		};
		8B1A2B492A1B4C5D6E7F8G92 /* Debug */ = {
			isa = XCBuildConfiguration;
			buildSettings = {
				ALWAYS_SEARCH_USER_PATHS = NO;
				CLANG_ANALYZER_NONNULL = YES;
				CLANG_ANALYZER_NUMBER_OBJECT_CONVERSION = YES_AGGRESSIVE;
				CLANG_CXX_LANGUAGE_STANDARD = "gnu++20";
				CLANG_ENABLE_MODULES = YES;
				CLANG_ENABLE_OBJC_ARC = YES;
				CLANG_ENABLE_OBJC_WEAK = YES;
				CLANG_WARN_BLOCK_CAPTURE_AUTORELEASING = YES;
				CLANG_WARN_BOOL_CONVERSION = YES;
				CLANG_WARN_COMMA = YES;
				CLANG_WARN_CONSTANT_CONVERSION = YES;
				CLANG_WARN_DEPRECATED_OBJC_IMPLEMENTATIONS = YES;
				CLANG_WARN_DIRECT_OBJC_ISA_USAGE = YES_ERROR;
				CLANG_WARN_DOCUMENTATION_COMMENTS = YES;
				CLANG_WARN_EMPTY_BODY = YES;
				CLANG_WARN_ENUM_CONVERSION = YES;
				CLANG_WARN_INFINITE_RECURSION = YES;
				CLANG_WARN_INT_CONVERSION = YES;
				CLANG_WARN_NON_LITERAL_NULL_CONVERSION = YES;
				CLANG_WARN_OBJC_IMPLICIT_RETAIN_SELF = YES;
				CLANG_WARN_OBJC_LITERAL_CONVERSION = YES;
				CLANG_WARN_OBJC_ROOT_CLASS = YES_ERROR;
				CLANG_WARN_QUOTED_INCLUDE_IN_FRAMEWORK_HEADER = YES;
				CLANG_WARN_RANGE_LOOP_ANALYSIS = YES;
				CLANG_WARN_STRICT_PROTOTYPES = YES;
				CLANG_WARN_SUSPICIOUS_MOVE = YES;
				CLANG_WARN_UNGUARDED_AVAILABILITY = YES_AGGRESSIVE;
				CLANG_WARN_UNREACHABLE_CODE = YES;
				CLANG_WARN__DUPLICATE_METHOD_MATCH = YES;
				COPY_PHASE_STRIP = NO;
				DEBUG_INFORMATION_FORMAT = dwarf;
				ENABLE_STRICT_OBJC_MSGSEND = YES;
				ENABLE_TESTABILITY = YES;
				GCC_C_LANGUAGE_STANDARD = gnu11;
				GCC_DYNAMIC_NO_PIC = NO;
				GCC_NO_COMMON_BLOCKS = YES;
				GCC_OPTIMIZATION_LEVEL = 0;
				GCC_PREPROCESSOR_DEFINITIONS = (
					"DEBUG=1",
					"$(inherited)",
				);
				GCC_WARN_64_TO_32_BIT_CONVERSION = YES;
				GCC_WARN_ABOUT_RETURN_TYPE = YES_ERROR;
				GCC_WARN_UNDECLARED_SELECTOR = YES;
				GCC_WARN_UNINITIALIZED_AUTOS = YES_AGGRESSIVE;
				GCC_WARN_UNUSED_FUNCTION = YES;
				GCC_WARN_UNUSED_VARIABLE = YES;
				IPHONEOS_DEPLOYMENT_TARGET = 16.0;
				MTL_ENABLE_DEBUG_INFO = INCLUDE_SOURCE;
				MTL_FAST_MATH = YES;
				ONLY_ACTIVE_ARCH = YES;
				SDKROOT = iphoneos;
				SWIFT_ACTIVE_COMPILATION_CONDITIONS = DEBUG;
				SWIFT_OPTIMIZATION_LEVEL = "-Onone";
			};
			name = Debug;
		};
		8B1A2B4A2A1B4C5D6E7F8G92 /* Release */ = {
			isa = XCBuildConfiguration;
			buildSettings = {
				ALWAYS_SEARCH_USER_PATHS = NO;
				CLANG_ANALYZER_NONNULL = YES;
				CLANG_ANALYZER_NUMBER_OBJECT_CONVERSION = YES_AGGRESSIVE;
				CLANG_CXX_LANGUAGE_STANDARD = "gnu++20";
				CLANG_ENABLE_MODULES = YES;
				CLANG_ENABLE_OBJC_ARC = YES;
				CLANG_ENABLE_OBJC_WEAK = YES;
				CLANG_WARN_BLOCK_CAPTURE_AUTORELEASING = YES;
				CLANG_WARN_BOOL_CONVERSION = YES;
				CLANG_WARN_COMMA = YES;
				CLANG_WARN_CONSTANT_CONVERSION = YES;
				CLANG_WARN_DEPRECATED_OBJC_IMPLEMENTATIONS = YES;
				CLANG_WARN_DIRECT_OBJC_ISA_USAGE = YES_ERROR;
				CLANG_WARN_DOCUMENTATION_COMMENTS = YES;
				CLANG_WARN_EMPTY_BODY = YES;
				CLANG_WARN_ENUM_CONVERSION = YES;
				CLANG_WARN_INFINITE_RECURSION = YES;
				CLANG_WARN_INT_CONVERSION = YES;
				CLANG_WARN_NON_LITERAL_NULL_CONVERSION = YES;
				CLANG_WARN_OBJC_IMPLICIT_RETAIN_SELF = YES;
				CLANG_WARN_OBJC_LITERAL_CONVERSION = YES;
				CLANG_WARN_OBJC_ROOT_CLASS = YES_ERROR;
				CLANG_WARN_QUOTED_INCLUDE_IN_FRAMEWORK_HEADER = YES;
				CLANG_WARN_RANGE_LOOP_ANALYSIS = YES;
				CLANG_WARN_STRICT_PROTOTYPES = YES;
				CLANG_WARN_SUSPICIOUS_MOVE = YES;
				CLANG_WARN_UNGUARDED_AVAILABILITY = YES_AGGRESSIVE;
				CLANG_WARN_UNREACHABLE_CODE = YES;
				CLANG_WARN__DUPLICATE_METHOD_MATCH = YES;
				COPY_PHASE_STRIP = NO;
				DEBUG_INFORMATION_FORMAT = "dwarf-with-dsym";
				ENABLE_NS_ASSERTIONS = NO;
				ENABLE_STRICT_OBJC_MSGSEND = YES;
				GCC_C_LANGUAGE_STANDARD = gnu11;
				GCC_NO_COMMON_BLOCKS = YES;
				GCC_WARN_64_TO_32_BIT_CONVERSION = YES;
				GCC_WARN_ABOUT_RETURN_TYPE = YES_ERROR;
				GCC_WARN_UNDECLARED_SELECTOR = YES;
				GCC_WARN_UNINITIALIZED_AUTOS = YES_AGGRESSIVE;
				GCC_WARN_UNUSED_FUNCTION = YES;
				GCC_WARN_UNUSED_VARIABLE = YES;
				IPHONEOS_DEPLOYMENT_TARGET = 16.0;
				MTL_ENABLE_DEBUG_INFO = NO;
				MTL_FAST_MATH = YES;
				SDKROOT = iphoneos;
				SWIFT_COMPILATION_MODE = wholemodule;
				VALIDATE_PRODUCT = YES;
			};
			name = Release;
		};
/* End XCBuildConfiguration section */

/* Begin XCConfigurationList section */
		8B1A2B332A1B4C5D6E7F8G9H /* Build configuration list for PBXProject "UnifiedPowerhouse" */ = {
			isa = XCConfigurationList;
			buildConfigurations = (
				8B1A2B492A1B4C5D6E7F8G92 /* Debug */,
				8B1A2B4A2A1B4C5D6E7F8G92 /* Release */,
			);
			defaultConfigurationIsVisible = 0;
			defaultConfigurationName = Release;
		};
		8B1A2B462A1B4C5D6E7F8G92 /* Build configuration list for PBXNativeTarget "UnifiedPowerhouse" */ = {
			isa = XCConfigurationList;
			buildConfigurations = (
				8B1A2B472A1B4C5D6E7F8G92 /* Debug */,
				8B1A2B482A1B4C5D6E7F8G92 /* Release */,
			);
			defaultConfigurationIsVisible = 0;
			defaultConfigurationName = Release;
		};
/* End XCConfigurationList section */
	};
	rootObject = 8B1A2B302A1B4C5D6E7F8G9H /* Project object */;
}
